#
# This file is autogenerated by pip-compile with Python 3.10
# by the following command:
#
#    pip-compile --output-file=requirements.lock requirements.txt
#
certifi==2026.4.22
    # via requests
charset-normalizer==3.4.7
    # via requests
ibm-cloud-sdk-core==3.24.4
    # via -r requirements.txt
idna==3.15
    # via requests
pyjwt==2.12.1
    # via ibm-cloud-sdk-core
python-dateutil==2.9.0.post0
    # via
    #   -r requirements.txt
    #   ibm-cloud-sdk-core
requests==2.34.1
    # via
    #   -r requirements.txt
    #   ibm-cloud-sdk-core
six==1.17.0
    # via python-dateutil
typing-extensions==4.15.0
    # via pyjwt
urllib3==2.7.0
    # via
    #   -r requirements.txt
    #   ibm-cloud-sdk-core
    #   requests
